
Microsoft Visual Studio Solution File, Format Version 12.00
# Visual Studio Version 16
VisualStudioVersion = 16.0.29519.87
MinimumVisualStudioVersion = 10.0.40219.1
Project("{9A19103F-16F7-4668-BE54-9A1E7A4F7556}") = "AdventOfCode2019", "AdventOfCode2019.csproj", "{B0938780-8A25-4869-88CD-8584170657D3}"
EndProject
Global
	GlobalSection(SolutionConfigurationPlatforms) = preSolution
		Debug|Any CPU = Debug|Any CPU
		Release|Any CPU = Release|Any CPU
	EndGlobalSection
	GlobalSection(ProjectConfigurationPlatforms) = postSolution
		{B0938780-8A25-4869-88CD-8584170657D3}.Debug|Any CPU.ActiveCfg = Debug|Any CPU
		{B0938780-8A25-4869-88CD-8584170657D3}.Debug|Any CPU.Build.0 = Debug|Any CPU
		{B0938780-8A25-4869-88CD-8584170657D3}.Release|Any CPU.ActiveCfg = Release|Any CPU
		{B0938780-8A25-4869-88CD-8584170657D3}.Release|Any CPU.Build.0 = Release|Any CPU
	EndGlobalSection
	GlobalSection(SolutionProperties) = preSolution
		HideSolutionNode = FALSE
	EndGlobalSection
	GlobalSection(ExtensibilityGlobals) = postSolution
		SolutionGuid = {68F3A60A-C96F-4F15-9BC2-32750CD6D426}
	EndGlobalSection
EndGlobal
